
Microsoft Visual Studio Solution File, Format Version 12.00
# Visual Studio Version 16
VisualStudioVersion = 16.0.30611.23
MinimumVisualStudioVersion = 10.0.40219.1
Project("{FAE04EC0-301F-11D3-BF4B-00C04F79EFBC}") = "LogsNumberAndPrintsLog", "LogsNumberAndPrintsLog\LogsNumberAndPrintsLog.csproj", "{E2FA08DB-9513-42C5-8FFC-A7198B6046FC}"
EndProject
Global
	GlobalSection(SolutionConfigurationPlatforms) = preSolution
		Debug|Any CPU = Debug|Any CPU
		Release|Any CPU = Release|Any CPU
	EndGlobalSection
	GlobalSection(ProjectConfigurationPlatforms) = postSolution
		{E2FA08DB-9513-42C5-8FFC-A7198B6046FC}.Debug|Any CPU.ActiveCfg = Debug|Any CPU
		{E2FA08DB-9513-42C5-8FFC-A7198B6046FC}.Debug|Any CPU.Build.0 = Debug|Any CPU
		{E2FA08DB-9513-42C5-8FFC-A7198B6046FC}.Release|Any CPU.ActiveCfg = Release|Any CPU
		{E2FA08DB-9513-42C5-8FFC-A7198B6046FC}.Release|Any CPU.Build.0 = Release|Any CPU
	EndGlobalSection
	GlobalSection(SolutionProperties) = preSolution
		HideSolutionNode = FALSE
	EndGlobalSection
	GlobalSection(ExtensibilityGlobals) = postSolution
		SolutionGuid = {A583A089-0009-464E-91F6-9DFC00145AF6}
	EndGlobalSection
EndGlobal
